
Microsoft Visual Studio Solution File, Format Version 12.00
# Visual Studio Version 17
VisualStudioVersion = 17.4.33110.190
MinimumVisualStudioVersion = 10.0.40219.1
Project("{FAE04EC0-301F-11D3-BF4B-00C04F79EFBC}") = "Poker", "Poker\Poker.csproj", "{B93C2427-531C-4593-877B-D21817EE8FFB}"
EndProject
Global
	GlobalSection(SolutionConfigurationPlatforms) = preSolution
		Debug|Any CPU = Debug|Any CPU
		Release|Any CPU = Release|Any CPU
	EndGlobalSection
	GlobalSection(ProjectConfigurationPlatforms) = postSolution
		{B93C2427-531C-4593-877B-D21817EE8FFB}.Debug|Any CPU.ActiveCfg = Debug|Any CPU
		{B93C2427-531C-4593-877B-D21817EE8FFB}.Debug|Any CPU.Build.0 = Debug|Any CPU
		{B93C2427-531C-4593-877B-D21817EE8FFB}.Release|Any CPU.ActiveCfg = Release|Any CPU
		{B93C2427-531C-4593-877B-D21817EE8FFB}.Release|Any CPU.Build.0 = Release|Any CPU
	EndGlobalSection
	GlobalSection(SolutionProperties) = preSolution
		HideSolutionNode = FALSE
	EndGlobalSection
	GlobalSection(ExtensibilityGlobals) = postSolution
		SolutionGuid = {2BD46BCD-51F9-4A4D-9E05-23E179B4ABD6}
	EndGlobalSection
EndGlobal
